{
  "version": "5",
  "specifiers": {
    "jsr:@std/assert@*": "1.0.13",
    "jsr:@std/fs@*": "1.0.19",
    "jsr:@std/internal@^1.0.6": "1.0.9",
    "jsr:@std/internal@^1.0.9": "1.0.9",
    "jsr:@std/path@*": "1.1.1",
    "jsr:@std/path@^1.1.1": "1.1.1"
  },
  "jsr": {
    "@std/assert@1.0.13": {
      "integrity": "ae0d31e41919b12c656c742b22522c32fb26ed0cba32975cb0de2a273cb68b29",
      "dependencies": [
        "jsr:@std/internal@^1.0.6"
      ]
    },
    "@std/fs@1.0.19": {
      "integrity": "051968c2b1eae4d2ea9f79a08a3845740ef6af10356aff43d3e2ef11ed09fb06",
      "dependencies": [
        "jsr:@std/internal@^1.0.9",
        "jsr:@std/path@^1.1.1"
      ]
    },
    "@std/internal@1.0.9": {
      "integrity": "bdfb97f83e4db7a13e8faab26fb1958d1b80cc64366501af78a0aee151696eb8"
    },
    "@std/path@1.1.1": {
      "integrity": "fe00026bd3a7e6a27f73709b83c607798be40e20c81dde655ce34052fd82ec76",
      "dependencies": [
        "jsr:@std/internal@^1.0.9"
      ]
    }
  },
  "workspace": {
    "packageJson": {
      "dependencies": [
        "npm:crypto-js@^4.2.0",
        "npm:pako@^2.1.0"
      ]
    },
    "members": {
      "cli/tutors-publish-npm": {
        "packageJson": {
          "dependencies": [
            "npm:@jsr/tutors__tutors-gen-lib@4",
            "npm:@types/node@^20.4.0",
            "npm:ts-node@^10.9.1",
            "npm:typescript@^5.1.6"
          ]
        }
      },
      "party/tutors-party-kit": {
        "packageJson": {
          "dependencies": [
            "npm:partykit@0.0.104",
            "npm:partysocket@1.0.1",
            "npm:typescript@^5.4.5"
          ]
        }
      },
      "svelte/redirector": {
        "packageJson": {
          "dependencies": [
            "npm:@sveltejs/adapter-auto@^3.1.1",
            "npm:@sveltejs/adapter-netlify@4.1.0",
            "npm:@sveltejs/kit@^2.4.1",
            "npm:@sveltejs/vite-plugin-svelte@^3.0.1",
            "npm:svelte-check@^3.6.3",
            "npm:svelte@^4.2.9",
            "npm:tslib@^2.6.2",
            "npm:typescript@^5.3.3",
            "npm:vite@^5.0.12"
          ]
        }
      }
    }
  }
}
